{
    "_readme": [
        "This file locks the dependencies of your project to a known state",
        "Read more about it at https://getcomposer.org/doc/01-basic-usage.md#installing-dependencies",
        "This file is @generated automatically"
    ],
    "content-hash": "403859ad9664990114be27968343861a",
    "packages": [
        {
            "name": "sabre/uri",
            "version": "2.1.3",
            "source": {
                "type": "git",
                "url": "https://github.com/sabre-io/uri.git",
                "reference": "18f454324f371cbcabdad3d0d3755b4b0182095d"
            },
            "dist": {
                "type": "zip",
                "url": "https://api.github.com/repos/sabre-io/uri/zipball/18f454324f371cbcabdad3d0d3755b4b0182095d",
                "reference": "18f454324f371cbcabdad3d0d3755b4b0182095d",
                "shasum": "",
                "mirrors": [
                    {
                        "url": "https://mirrors.aliyun.com/composer/dists/%package%/%reference%.%type%",
                        "preferred": true
                    }
                ]
            },
            "require": {
                "php": ">=7"
            },
            "require-dev": {
                "phpunit/phpunit": "^6"
            },
            "type": "library",
            "autoload": {
                "files": [
                    "lib/functions.php"
                ],
                "psr-4": {
                    "Sabre\\Uri\\": "lib/"
                }
            },
            "notification-url": "https://packagist.org/downloads/",
            "license": [
                "BSD-3-Clause"
            ],
            "authors": [
                {
                    "name": "Evert Pot",
                    "email": "me@evertpot.com",
                    "homepage": "http://evertpot.com/",
                    "role": "Developer"
                }
            ],
            "description": "Functions for making sense out of URIs.",
            "homepage": "http://sabre.io/uri/",
            "keywords": [
                "rfc3986",
                "uri",
                "url"
            ],
            "time": "2019-09-09T23:00:25+00:00"
        }
    ],
    "packages-dev": [],
    "aliases": [],
    "minimum-stability": "stable",
    "stability-flags": [],
    "prefer-stable": false,
    "prefer-lowest": false,
    "platform": [],
    "platform-dev": []
}
